
Microsoft Visual Studio Solution File, Format Version 12.00
# Visual Studio Version 16
VisualStudioVersion = 16.0.31112.23
MinimumVisualStudioVersion = 10.0.40219.1
Project("{FAE04EC0-301F-11D3-BF4B-00C04F79EFBC}") = "FindNumber", "FindNumber\FindNumber.csproj", "{6FA8D2B1-904E-4F25-AECF-7B24DD91ED42}"
EndProject
Global
	GlobalSection(SolutionConfigurationPlatforms) = preSolution
		Debug|Any CPU = Debug|Any CPU
		Release|Any CPU = Release|Any CPU
	EndGlobalSection
	GlobalSection(ProjectConfigurationPlatforms) = postSolution
		{6FA8D2B1-904E-4F25-AECF-7B24DD91ED42}.Debug|Any CPU.ActiveCfg = Debug|Any CPU
		{6FA8D2B1-904E-4F25-AECF-7B24DD91ED42}.Debug|Any CPU.Build.0 = Debug|Any CPU
		{6FA8D2B1-904E-4F25-AECF-7B24DD91ED42}.Release|Any CPU.ActiveCfg = Release|Any CPU
		{6FA8D2B1-904E-4F25-AECF-7B24DD91ED42}.Release|Any CPU.Build.0 = Release|Any CPU
	EndGlobalSection
	GlobalSection(SolutionProperties) = preSolution
		HideSolutionNode = FALSE
	EndGlobalSection
	GlobalSection(ExtensibilityGlobals) = postSolution
		SolutionGuid = {D6178AD4-B574-46D0-BF45-9082405824C4}
	EndGlobalSection
EndGlobal
